// !$*UTF8*$!
{
	archiveVersion = 1;
	classes = {
	};
	objectVersion = 50;
	objects = {

/* Begin PBXBuildFile section */
		6E48ADC824D2C10E00986E62 /* AppDelegate.swift in Sources */ = {isa = PBXBuildFile; fileRef = 6E48ADC724D2C10E00986E62 /* AppDelegate.swift */; };
		6E48ADCC24D2C10E00986E62 /* ViewController.swift in Sources */ = {isa = PBXBuildFile; fileRef = 6E48ADCB24D2C10E00986E62 /* ViewController.swift */; };
		6E48ADCF24D2C10E00986E62 /* Main.storyboard in Resources */ = {isa = PBXBuildFile; fileRef = 6E48ADCD24D2C10E00986E62 /* Main.storyboard */; };
		6E48ADD124D2C11600986E62 /* Assets.xcassets in Resources */ = {isa = PBXBuildFile; fileRef = 6E48ADD024D2C11600986E62 /* Assets.xcassets */; };
		6E48ADD424D2C11600986E62 /* LaunchScreen.storyboard in Resources */ = {isa = PBXBuildFile; fileRef = 6E48ADD224D2C11600986E62 /* LaunchScreen.storyboard */; };
		6E4F3ACC24D406700018E8BB /* ZSQuestionModel.swift in Sources */ = {isa = PBXBuildFile; fileRef = 6E4F3ACB24D406700018E8BB /* ZSQuestionModel.swift */; };
		6E4F3ACE24D4274D0018E8BB /* ZSAddQuestionViewController.swift in Sources */ = {isa = PBXBuildFile; fileRef = 6E4F3ACD24D4274D0018E8BB /* ZSAddQuestionViewController.swift */; };
		6E4F3AD024D79CE70018E8BB /* ZSFileController.swift in Sources */ = {isa = PBXBuildFile; fileRef = 6E4F3ACF24D79CE70018E8BB /* ZSFileController.swift */; };
		6E4F3AD624D7B7A50018E8BB /* ZSQuestionCoreDataModel.xcdatamodeld in Sources */ = {isa = PBXBuildFile; fileRef = 6E4F3AD424D7B7A50018E8BB /* ZSQuestionCoreDataModel.xcdatamodeld */; };
		6E4F3AD824D7B9B90018E8BB /* ZSQuestionController.swift in Sources */ = {isa = PBXBuildFile; fileRef = 6E4F3AD724D7B9B90018E8BB /* ZSQuestionController.swift */; };
		6EC922FC24D3FE9500A7D42D /* ZSTableViewController.swift in Sources */ = {isa = PBXBuildFile; fileRef = 6EC922FB24D3FE9500A7D42D /* ZSTableViewController.swift */; };
		6EC922FE24D3FF2A00A7D42D /* ZSTableModel.swift in Sources */ = {isa = PBXBuildFile; fileRef = 6EC922FD24D3FF2A00A7D42D /* ZSTableModel.swift */; };
		6ED1AEDB24D9671D00AAC9C9 /* ZSQuestionCoreDataModel+CoreDataClass.swift in Sources */ = {isa = PBXBuildFile; fileRef = 6ED1AED924D9671D00AAC9C9 /* ZSQuestionCoreDataModel+CoreDataClass.swift */; };
		6ED1AEDC24D9671D00AAC9C9 /* ZSQuestionCoreDataModel+CoreDataProperties.swift in Sources */ = {isa = PBXBuildFile; fileRef = 6ED1AEDA24D9671D00AAC9C9 /* ZSQuestionCoreDataModel+CoreDataProperties.swift */; };
/* End PBXBuildFile section */

/* Begin PBXFileReference section */
		6E48ADC424D2C10E00986E62 /* iOSTests.app */ = {isa = PBXFileReference; explicitFileType = wrapper.application; includeInIndex = 0; path = iOSTests.app; sourceTree = BUILT_PRODUCTS_DIR; };
		6E48ADC724D2C10E00986E62 /* AppDelegate.swift */ = {isa = PBXFileReference; lastKnownFileType = sourcecode.swift; path = AppDelegate.swift; sourceTree = "<group>"; };
		6E48ADCB24D2C10E00986E62 /* ViewController.swift */ = {isa = PBXFileReference; lastKnownFileType = sourcecode.swift; path = ViewController.swift; sourceTree = "<group>"; };
		6E48ADCE24D2C10E00986E62 /* Base */ = {isa = PBXFileReference; lastKnownFileType = file.storyboard; name = Base; path = Base.lproj/Main.storyboard; sourceTree = "<group>"; };
		6E48ADD024D2C11600986E62 /* Assets.xcassets */ = {isa = PBXFileReference; lastKnownFileType = folder.assetcatalog; path = Assets.xcassets; sourceTree = "<group>"; };
		6E48ADD324D2C11600986E62 /* Base */ = {isa = PBXFileReference; lastKnownFileType = file.storyboard; name = Base; path = Base.lproj/LaunchScreen.storyboard; sourceTree = "<group>"; };
		6E48ADD524D2C11600986E62 /* Info.plist */ = {isa = PBXFileReference; lastKnownFileType = text.plist.xml; path = Info.plist; sourceTree = "<group>"; };
		6E4F3ACB24D406700018E8BB /* ZSQuestionModel.swift */ = {isa = PBXFileReference; lastKnownFileType = sourcecode.swift; path = ZSQuestionModel.swift; sourceTree = "<group>"; };
		6E4F3ACD24D4274D0018E8BB /* ZSAddQuestionViewController.swift */ = {isa = PBXFileReference; lastKnownFileType = sourcecode.swift; path = ZSAddQuestionViewController.swift; sourceTree = "<group>"; };
		6E4F3ACF24D79CE70018E8BB /* ZSFileController.swift */ = {isa = PBXFileReference; lastKnownFileType = sourcecode.swift; path = ZSFileController.swift; sourceTree = "<group>"; };
		6E4F3AD524D7B7A50018E8BB /* ZSQuestionCoreDataModel.xcdatamodel */ = {isa = PBXFileReference; lastKnownFileType = wrapper.xcdatamodel; path = ZSQuestionCoreDataModel.xcdatamodel; sourceTree = "<group>"; };
		6E4F3AD724D7B9B90018E8BB /* ZSQuestionController.swift */ = {isa = PBXFileReference; lastKnownFileType = sourcecode.swift; path = ZSQuestionController.swift; sourceTree = "<group>"; };
		6EC922FB24D3FE9500A7D42D /* ZSTableViewController.swift */ = {isa = PBXFileReference; lastKnownFileType = sourcecode.swift; path = ZSTableViewController.swift; sourceTree = "<group>"; };
		6EC922FD24D3FF2A00A7D42D /* ZSTableModel.swift */ = {isa = PBXFileReference; lastKnownFileType = sourcecode.swift; path = ZSTableModel.swift; sourceTree = "<group>"; };
		6ED1AED924D9671D00AAC9C9 /* ZSQuestionCoreDataModel+CoreDataClass.swift */ = {isa = PBXFileReference; lastKnownFileType = sourcecode.swift; path = "ZSQuestionCoreDataModel+CoreDataClass.swift"; sourceTree = "<group>"; };
		6ED1AEDA24D9671D00AAC9C9 /* ZSQuestionCoreDataModel+CoreDataProperties.swift */ = {isa = PBXFileReference; lastKnownFileType = sourcecode.swift; path = "ZSQuestionCoreDataModel+CoreDataProperties.swift"; sourceTree = "<group>"; };
/* End PBXFileReference section */

/* Begin PBXFrameworksBuildPhase section */
		6E48ADC124D2C10E00986E62 /* Frameworks */ = {
			isa = PBXFrameworksBuildPhase;
			buildActionMask = 2147483647;
			files = (
			);
			runOnlyForDeploymentPostprocessing = 0;
		};
/* End PBXFrameworksBuildPhase section */

/* Begin PBXGroup section */
		6E48ADBB24D2C10E00986E62 = {
			isa = PBXGroup;
			children = (
				6ED1AED924D9671D00AAC9C9 /* ZSQuestionCoreDataModel+CoreDataClass.swift */,
				6ED1AEDA24D9671D00AAC9C9 /* ZSQuestionCoreDataModel+CoreDataProperties.swift */,
				6E48ADC624D2C10E00986E62 /* iOSTests */,
				6E48ADC524D2C10E00986E62 /* Products */,
			);
			sourceTree = "<group>";
		};
		6E48ADC524D2C10E00986E62 /* Products */ = {
			isa = PBXGroup;
			children = (
				6E48ADC424D2C10E00986E62 /* iOSTests.app */,
			);
			name = Products;
			sourceTree = "<group>";
		};
		6E48ADC624D2C10E00986E62 /* iOSTests */ = {
			isa = PBXGroup;
			children = (
				6E48ADC724D2C10E00986E62 /* AppDelegate.swift */,
				6E48ADCB24D2C10E00986E62 /* ViewController.swift */,
				6EC922FB24D3FE9500A7D42D /* ZSTableViewController.swift */,
				6E4F3ACD24D4274D0018E8BB /* ZSAddQuestionViewController.swift */,
				6EC922FD24D3FF2A00A7D42D /* ZSTableModel.swift */,
				6E4F3ACB24D406700018E8BB /* ZSQuestionModel.swift */,
				6E4F3ACF24D79CE70018E8BB /* ZSFileController.swift */,
				6E4F3AD724D7B9B90018E8BB /* ZSQuestionController.swift */,
				6E4F3AD424D7B7A50018E8BB /* ZSQuestionCoreDataModel.xcdatamodeld */,
				6E48ADCD24D2C10E00986E62 /* Main.storyboard */,
				6E48ADD024D2C11600986E62 /* Assets.xcassets */,
				6E48ADD224D2C11600986E62 /* LaunchScreen.storyboard */,
				6E48ADD524D2C11600986E62 /* Info.plist */,
			);
			path = iOSTests;
			sourceTree = "<group>";
		};
/* End PBXGroup section */

/* Begin PBXNativeTarget section */
		6E48ADC324D2C10E00986E62 /* iOSTests */ = {
			isa = PBXNativeTarget;
			buildConfigurationList = 6E48ADD824D2C11600986E62 /* Build configuration list for PBXNativeTarget "iOSTests" */;
			buildPhases = (
				6E48ADC024D2C10E00986E62 /* Sources */,
				6E48ADC124D2C10E00986E62 /* Frameworks */,
				6E48ADC224D2C10E00986E62 /* Resources */,
			);
			buildRules = (
			);
			dependencies = (
			);
			name = iOSTests;
			productName = iOSTests;
			productReference = 6E48ADC424D2C10E00986E62 /* iOSTests.app */;
			productType = "com.apple.product-type.application";
		};
/* End PBXNativeTarget section */

/* Begin PBXProject section */
		6E48ADBC24D2C10E00986E62 /* Project object */ = {
			isa = PBXProject;
			attributes = {
				LastSwiftUpdateCheck = 1150;
				LastUpgradeCheck = 1150;
				ORGANIZATIONNAME = sen;
				TargetAttributes = {
					6E48ADC324D2C10E00986E62 = {
						CreatedOnToolsVersion = 11.5;
					};
				};
			};
			buildConfigurationList = 6E48ADBF24D2C10E00986E62 /* Build configuration list for PBXProject "iOSTests" */;
			compatibilityVersion = "Xcode 9.3";
			developmentRegion = en;
			hasScannedForEncodings = 0;
			knownRegions = (
				en,
				Base,
			);
			mainGroup = 6E48ADBB24D2C10E00986E62;
			productRefGroup = 6E48ADC524D2C10E00986E62 /* Products */;
			projectDirPath = "";
			projectRoot = "";
			targets = (
				6E48ADC324D2C10E00986E62 /* iOSTests */,
			);
		};
/* End PBXProject section */

/* Begin PBXResourcesBuildPhase section */
		6E48ADC224D2C10E00986E62 /* Resources */ = {
			isa = PBXResourcesBuildPhase;
			buildActionMask = 2147483647;
			files = (
				6E48ADD424D2C11600986E62 /* LaunchScreen.storyboard in Resources */,
				6E48ADD124D2C11600986E62 /* Assets.xcassets in Resources */,
				6E48ADCF24D2C10E00986E62 /* Main.storyboard in Resources */,
			);
			runOnlyForDeploymentPostprocessing = 0;
		};
/* End PBXResourcesBuildPhase section */

/* Begin PBXSourcesBuildPhase section */
		6E48ADC024D2C10E00986E62 /* Sources */ = {
			isa = PBXSourcesBuildPhase;
			buildActionMask = 2147483647;
			files = (
				6E48ADCC24D2C10E00986E62 /* ViewController.swift in Sources */,
				6ED1AEDB24D9671D00AAC9C9 /* ZSQuestionCoreDataModel+CoreDataClass.swift in Sources */,
				6E4F3AD824D7B9B90018E8BB /* ZSQuestionController.swift in Sources */,
				6ED1AEDC24D9671D00AAC9C9 /* ZSQuestionCoreDataModel+CoreDataProperties.swift in Sources */,
				6EC922FE24D3FF2A00A7D42D /* ZSTableModel.swift in Sources */,
				6E48ADC824D2C10E00986E62 /* AppDelegate.swift in Sources */,
				6EC922FC24D3FE9500A7D42D /* ZSTableViewController.swift in Sources */,
				6E4F3ACC24D406700018E8BB /* ZSQuestionModel.swift in Sources */,
				6E4F3AD624D7B7A50018E8BB /* ZSQuestionCoreDataModel.xcdatamodeld in Sources */,
				6E4F3AD024D79CE70018E8BB /* ZSFileController.swift in Sources */,
				6E4F3ACE24D4274D0018E8BB /* ZSAddQuestionViewController.swift in Sources */,
			);
			runOnlyForDeploymentPostprocessing = 0;
		};
/* End PBXSourcesBuildPhase section */

/* Begin PBXVariantGroup section */
		6E48ADCD24D2C10E00986E62 /* Main.storyboard */ = {
			isa = PBXVariantGroup;
			children = (
				6E48ADCE24D2C10E00986E62 /* Base */,
			);
			name = Main.storyboard;
			sourceTree = "<group>";
		};
		6E48ADD224D2C11600986E62 /* LaunchScreen.storyboard */ = {
			isa = PBXVariantGroup;
			children = (
				6E48ADD324D2C11600986E62 /* Base */,
			);
			name = LaunchScreen.storyboard;
			sourceTree = "<group>";
		};
/* End PBXVariantGroup section */

/* Begin XCBuildConfiguration section */
		6E48ADD624D2C11600986E62 /* Debug */ = {
			isa = XCBuildConfiguration;
			buildSettings = {
				ALWAYS_SEARCH_USER_PATHS = NO;
				CLANG_ANALYZER_NONNULL = YES;
				CLANG_ANALYZER_NUMBER_OBJECT_CONVERSION = YES_AGGRESSIVE;
				CLANG_CXX_LANGUAGE_STANDARD = "gnu++14";
				CLANG_CXX_LIBRARY = "libc++";
				CLANG_ENABLE_MODULES = YES;
				CLANG_ENABLE_OBJC_ARC = YES;
				CLANG_ENABLE_OBJC_WEAK = YES;
				CLANG_WARN_BLOCK_CAPTURE_AUTORELEASING = YES;
				CLANG_WARN_BOOL_CONVERSION = YES;
				CLANG_WARN_COMMA = YES;
				CLANG_WARN_CONSTANT_CONVERSION = YES;
				CLANG_WARN_DEPRECATED_OBJC_IMPLEMENTATIONS = YES;
				CLANG_WARN_DIRECT_OBJC_ISA_USAGE = YES_ERROR;
				CLANG_WARN_DOCUMENTATION_COMMENTS = YES;
				CLANG_WARN_EMPTY_BODY = YES;
				CLANG_WARN_ENUM_CONVERSION = YES;
				CLANG_WARN_INFINITE_RECURSION = YES;
				CLANG_WARN_INT_CONVERSION = YES;
				CLANG_WARN_NON_LITERAL_NULL_CONVERSION = YES;
				CLANG_WARN_OBJC_IMPLICIT_RETAIN_SELF = YES;
				CLANG_WARN_OBJC_LITERAL_CONVERSION = YES;
				CLANG_WARN_OBJC_ROOT_CLASS = YES_ERROR;
				CLANG_WARN_RANGE_LOOP_ANALYSIS = YES;
				CLANG_WARN_STRICT_PROTOTYPES = YES;
				CLANG_WARN_SUSPICIOUS_MOVE = YES;
				CLANG_WARN_UNGUARDED_AVAILABILITY = YES_AGGRESSIVE;
				CLANG_WARN_UNREACHABLE_CODE = YES;
				CLANG_WARN__DUPLICATE_METHOD_MATCH = YES;
				COPY_PHASE_STRIP = NO;
				DEBUG_INFORMATION_FORMAT = dwarf;
				ENABLE_STRICT_OBJC_MSGSEND = YES;
				ENABLE_TESTABILITY = YES;
				GCC_C_LANGUAGE_STANDARD = gnu11;
				GCC_DYNAMIC_NO_PIC = NO;
				GCC_NO_COMMON_BLOCKS = YES;
				GCC_OPTIMIZATION_LEVEL = 0;
				GCC_PREPROCESSOR_DEFINITIONS = (
					"DEBUG=1",
					"$(inherited)",
				);
				GCC_WARN_64_TO_32_BIT_CONVERSION = YES;
				GCC_WARN_ABOUT_RETURN_TYPE = YES_ERROR;
				GCC_WARN_UNDECLARED_SELECTOR = YES;
				GCC_WARN_UNINITIALIZED_AUTOS = YES_AGGRESSIVE;
				GCC_WARN_UNUSED_FUNCTION = YES;
				GCC_WARN_UNUSED_VARIABLE = YES;
				IPHONEOS_DEPLOYMENT_TARGET = 13.5;
				MTL_ENABLE_DEBUG_INFO = INCLUDE_SOURCE;
				MTL_FAST_MATH = YES;
				ONLY_ACTIVE_ARCH = YES;
				SDKROOT = iphoneos;
				SWIFT_ACTIVE_COMPILATION_CONDITIONS = DEBUG;
				SWIFT_OPTIMIZATION_LEVEL = "-Onone";
			};
			name = Debug;
		};
		6E48ADD724D2C11600986E62 /* Release */ = {
			isa = XCBuildConfiguration;
			buildSettings = {
				ALWAYS_SEARCH_USER_PATHS = NO;
				CLANG_ANALYZER_NONNULL = YES;
				CLANG_ANALYZER_NUMBER_OBJECT_CONVERSION = YES_AGGRESSIVE;
				CLANG_CXX_LANGUAGE_STANDARD = "gnu++14";
				CLANG_CXX_LIBRARY = "libc++";
				CLANG_ENABLE_MODULES = YES;
				CLANG_ENABLE_OBJC_ARC = YES;
				CLANG_ENABLE_OBJC_WEAK = YES;
				CLANG_WARN_BLOCK_CAPTURE_AUTORELEASING = YES;
				CLANG_WARN_BOOL_CONVERSION = YES;
				CLANG_WARN_COMMA = YES;
				CLANG_WARN_CONSTANT_CONVERSION = YES;
				CLANG_WARN_DEPRECATED_OBJC_IMPLEMENTATIONS = YES;
				CLANG_WARN_DIRECT_OBJC_ISA_USAGE = YES_ERROR;
				CLANG_WARN_DOCUMENTATION_COMMENTS = YES;
				CLANG_WARN_EMPTY_BODY = YES;
				CLANG_WARN_ENUM_CONVERSION = YES;
				CLANG_WARN_INFINITE_RECURSION = YES;
				CLANG_WARN_INT_CONVERSION = YES;
				CLANG_WARN_NON_LITERAL_NULL_CONVERSION = YES;
				CLANG_WARN_OBJC_IMPLICIT_RETAIN_SELF = YES;
				CLANG_WARN_OBJC_LITERAL_CONVERSION = YES;
				CLANG_WARN_OBJC_ROOT_CLASS = YES_ERROR;
				CLANG_WARN_RANGE_LOOP_ANALYSIS = YES;
				CLANG_WARN_STRICT_PROTOTYPES = YES;
				CLANG_WARN_SUSPICIOUS_MOVE = YES;
				CLANG_WARN_UNGUARDED_AVAILABILITY = YES_AGGRESSIVE;
				CLANG_WARN_UNREACHABLE_CODE = YES;
				CLANG_WARN__DUPLICATE_METHOD_MATCH = YES;
				COPY_PHASE_STRIP = NO;
				DEBUG_INFORMATION_FORMAT = "dwarf-with-dsym";
				ENABLE_NS_ASSERTIONS = NO;
				ENABLE_STRICT_OBJC_MSGSEND = YES;
				GCC_C_LANGUAGE_STANDARD = gnu11;
				GCC_NO_COMMON_BLOCKS = YES;
				GCC_WARN_64_TO_32_BIT_CONVERSION = YES;
				GCC_WARN_ABOUT_RETURN_TYPE = YES_ERROR;
				GCC_WARN_UNDECLARED_SELECTOR = YES;
				GCC_WARN_UNINITIALIZED_AUTOS = YES_AGGRESSIVE;
				GCC_WARN_UNUSED_FUNCTION = YES;
				GCC_WARN_UNUSED_VARIABLE = YES;
				IPHONEOS_DEPLOYMENT_TARGET = 13.5;
				MTL_ENABLE_DEBUG_INFO = NO;
				MTL_FAST_MATH = YES;
				SDKROOT = iphoneos;
				SWIFT_COMPILATION_MODE = wholemodule;
				SWIFT_OPTIMIZATION_LEVEL = "-O";
				VALIDATE_PRODUCT = YES;
			};
			name = Release;
		};
		6E48ADD924D2C11600986E62 /* Debug */ = {
			isa = XCBuildConfiguration;
			buildSettings = {
				ASSETCATALOG_COMPILER_APPICON_NAME = AppIcon;
				CODE_SIGN_STYLE = Automatic;
				DEVELOPMENT_TEAM = 9XGDE5JWD8;
				INFOPLIST_FILE = iOSTests/Info.plist;
				IPHONEOS_DEPLOYMENT_TARGET = 13.0;
				LD_RUNPATH_SEARCH_PATHS = (
					"$(inherited)",
					"@executable_path/Frameworks",
				);
				PRODUCT_BUNDLE_IDENTIFIER = com.Eye4.ios;
				PRODUCT_NAME = "$(TARGET_NAME)";
				SWIFT_VERSION = 5.0;
				TARGETED_DEVICE_FAMILY = "1,2";
			};
			name = Debug;
		};
		6E48ADDA24D2C11600986E62 /* Release */ = {
			isa = XCBuildConfiguration;
			buildSettings = {
				ASSETCATALOG_COMPILER_APPICON_NAME = AppIcon;
				CODE_SIGN_STYLE = Automatic;
				DEVELOPMENT_TEAM = 9XGDE5JWD8;
				INFOPLIST_FILE = iOSTests/Info.plist;
				IPHONEOS_DEPLOYMENT_TARGET = 13.0;
				LD_RUNPATH_SEARCH_PATHS = (
					"$(inherited)",
					"@executable_path/Frameworks",
				);
				PRODUCT_BUNDLE_IDENTIFIER = com.Eye4.ios;
				PRODUCT_NAME = "$(TARGET_NAME)";
				SWIFT_VERSION = 5.0;
				TARGETED_DEVICE_FAMILY = "1,2";
			};
			name = Release;
		};
/* End XCBuildConfiguration section */

/* Begin XCConfigurationList section */
		6E48ADBF24D2C10E00986E62 /* Build configuration list for PBXProject "iOSTests" */ = {
			isa = XCConfigurationList;
			buildConfigurations = (
				6E48ADD624D2C11600986E62 /* Debug */,
				6E48ADD724D2C11600986E62 /* Release */,
			);
			defaultConfigurationIsVisible = 0;
			defaultConfigurationName = Release;
		};
		6E48ADD824D2C11600986E62 /* Build configuration list for PBXNativeTarget "iOSTests" */ = {
			isa = XCConfigurationList;
			buildConfigurations = (
				6E48ADD924D2C11600986E62 /* Debug */,
				6E48ADDA24D2C11600986E62 /* Release */,
			);
			defaultConfigurationIsVisible = 0;
			defaultConfigurationName = Release;
		};
/* End XCConfigurationList section */

/* Begin XCVersionGroup section */
		6E4F3AD424D7B7A50018E8BB /* ZSQuestionCoreDataModel.xcdatamodeld */ = {
			isa = XCVersionGroup;
			children = (
				6E4F3AD524D7B7A50018E8BB /* ZSQuestionCoreDataModel.xcdatamodel */,
			);
			currentVersion = 6E4F3AD524D7B7A50018E8BB /* ZSQuestionCoreDataModel.xcdatamodel */;
			path = ZSQuestionCoreDataModel.xcdatamodeld;
			sourceTree = "<group>";
			versionGroupType = wrapper.xcdatamodel;
		};
/* End XCVersionGroup section */
	};
	rootObject = 6E48ADBC24D2C10E00986E62 /* Project object */;
}
